// !$*UTF8*$!
{
	archiveVersion = 1;
	classes = {
	};
	objectVersion = 50;
	objects = {

/* Begin PBXBuildFile section */
		B7457FA2219C4BC8007006BB /* AppDelegate.swift in Sources */ = {isa = PBXBuildFile; fileRef = B7457FA1219C4BC8007006BB /* AppDelegate.swift */; };
		B7457FA4219C4BC8007006BB /* ViewController.swift in Sources */ = {isa = PBXBuildFile; fileRef = B7457FA3219C4BC8007006BB /* ViewController.swift */; };
		B7457FA7219C4BC8007006BB /* Main.storyboard in Resources */ = {isa = PBXBuildFile; fileRef = B7457FA5219C4BC8007006BB /* Main.storyboard */; };
		B7457FA9219C4BCB007006BB /* Assets.xcassets in Resources */ = {isa = PBXBuildFile; fileRef = B7457FA8219C4BCB007006BB /* Assets.xcassets */; };
		B7457FAC219C4BCB007006BB /* LaunchScreen.storyboard in Resources */ = {isa = PBXBuildFile; fileRef = B7457FAA219C4BCB007006BB /* LaunchScreen.storyboard */; };
		B7457FB4219C526F007006BB /* penguin.png in Resources */ = {isa = PBXBuildFile; fileRef = B7457FB3219C526E007006BB /* penguin.png */; };
		B7457FB6219C71BF007006BB /* plus.png in Resources */ = {isa = PBXBuildFile; fileRef = B7457FB5219C71BF007006BB /* plus.png */; };
		B7457FB8219C7347007006BB /* plus2.png in Resources */ = {isa = PBXBuildFile; fileRef = B7457FB7219C7347007006BB /* plus2.png */; };
/* End PBXBuildFile section */

/* Begin PBXFileReference section */
		B7457F9E219C4BC8007006BB /* gestureSample.app */ = {isa = PBXFileReference; explicitFileType = wrapper.application; includeInIndex = 0; path = gestureSample.app; sourceTree = BUILT_PRODUCTS_DIR; };
		B7457FA1219C4BC8007006BB /* AppDelegate.swift */ = {isa = PBXFileReference; lastKnownFileType = sourcecode.swift; path = AppDelegate.swift; sourceTree = "<group>"; };
		B7457FA3219C4BC8007006BB /* ViewController.swift */ = {isa = PBXFileReference; lastKnownFileType = sourcecode.swift; path = ViewController.swift; sourceTree = "<group>"; };
		B7457FA6219C4BC8007006BB /* Base */ = {isa = PBXFileReference; lastKnownFileType = file.storyboard; name = Base; path = Base.lproj/Main.storyboard; sourceTree = "<group>"; };
		B7457FA8219C4BCB007006BB /* Assets.xcassets */ = {isa = PBXFileReference; lastKnownFileType = folder.assetcatalog; path = Assets.xcassets; sourceTree = "<group>"; };
		B7457FAB219C4BCB007006BB /* Base */ = {isa = PBXFileReference; lastKnownFileType = file.storyboard; name = Base; path = Base.lproj/LaunchScreen.storyboard; sourceTree = "<group>"; };
		B7457FAD219C4BCB007006BB /* Info.plist */ = {isa = PBXFileReference; lastKnownFileType = text.plist.xml; path = Info.plist; sourceTree = "<group>"; };
		B7457FB3219C526E007006BB /* penguin.png */ = {isa = PBXFileReference; lastKnownFileType = image.png; path = penguin.png; sourceTree = "<group>"; };
		B7457FB5219C71BF007006BB /* plus.png */ = {isa = PBXFileReference; lastKnownFileType = image.png; path = plus.png; sourceTree = "<group>"; };
		B7457FB7219C7347007006BB /* plus2.png */ = {isa = PBXFileReference; lastKnownFileType = image.png; path = plus2.png; sourceTree = "<group>"; };
/* End PBXFileReference section */

/* Begin PBXFrameworksBuildPhase section */
		B7457F9B219C4BC8007006BB /* Frameworks */ = {
			isa = PBXFrameworksBuildPhase;
			buildActionMask = 2147483647;
			files = (
			);
			runOnlyForDeploymentPostprocessing = 0;
		};
/* End PBXFrameworksBuildPhase section */

/* Begin PBXGroup section */
		B7457F95219C4BC8007006BB = {
			isa = PBXGroup;
			children = (
				B7457FA0219C4BC8007006BB /* gestureSample */,
				B7457F9F219C4BC8007006BB /* Products */,
			);
			sourceTree = "<group>";
		};
		B7457F9F219C4BC8007006BB /* Products */ = {
			isa = PBXGroup;
			children = (
				B7457F9E219C4BC8007006BB /* gestureSample.app */,
			);
			name = Products;
			sourceTree = "<group>";
		};
		B7457FA0219C4BC8007006BB /* gestureSample */ = {
			isa = PBXGroup;
			children = (
				B7457FA1219C4BC8007006BB /* AppDelegate.swift */,
				B7457FA3219C4BC8007006BB /* ViewController.swift */,
				B7457FA5219C4BC8007006BB /* Main.storyboard */,
				B7457FA8219C4BCB007006BB /* Assets.xcassets */,
				B7457FAA219C4BCB007006BB /* LaunchScreen.storyboard */,
				B7457FAD219C4BCB007006BB /* Info.plist */,
				B7457FB5219C71BF007006BB /* plus.png */,
				B7457FB7219C7347007006BB /* plus2.png */,
				B7457FB3219C526E007006BB /* penguin.png */,
			);
			path = gestureSample;
			sourceTree = "<group>";
		};
/* End PBXGroup section */

/* Begin PBXNativeTarget section */
		B7457F9D219C4BC8007006BB /* gestureSample */ = {
			isa = PBXNativeTarget;
			buildConfigurationList = B7457FB0219C4BCB007006BB /* Build configuration list for PBXNativeTarget "gestureSample" */;
			buildPhases = (
				B7457F9A219C4BC8007006BB /* Sources */,
				B7457F9B219C4BC8007006BB /* Frameworks */,
				B7457F9C219C4BC8007006BB /* Resources */,
			);
			buildRules = (
			);
			dependencies = (
			);
			name = gestureSample;
			productName = gestureSample;
			productReference = B7457F9E219C4BC8007006BB /* gestureSample.app */;
			productType = "com.apple.product-type.application";
		};
/* End PBXNativeTarget section */

/* Begin PBXProject section */
		B7457F96219C4BC8007006BB /* Project object */ = {
			isa = PBXProject;
			attributes = {
				LastSwiftUpdateCheck = 1010;
				LastUpgradeCheck = 1010;
				ORGANIZATIONNAME = "Togami Yuki";
				TargetAttributes = {
					B7457F9D219C4BC8007006BB = {
						CreatedOnToolsVersion = 10.1;
					};
				};
			};
			buildConfigurationList = B7457F99219C4BC8007006BB /* Build configuration list for PBXProject "gestureSample" */;
			compatibilityVersion = "Xcode 9.3";
			developmentRegion = en;
			hasScannedForEncodings = 0;
			knownRegions = (
				en,
				Base,
			);
			mainGroup = B7457F95219C4BC8007006BB;
			productRefGroup = B7457F9F219C4BC8007006BB /* Products */;
			projectDirPath = "";
			projectRoot = "";
			targets = (
				B7457F9D219C4BC8007006BB /* gestureSample */,
			);
		};
/* End PBXProject section */

/* Begin PBXResourcesBuildPhase section */
		B7457F9C219C4BC8007006BB /* Resources */ = {
			isa = PBXResourcesBuildPhase;
			buildActionMask = 2147483647;
			files = (
				B7457FB4219C526F007006BB /* penguin.png in Resources */,
				B7457FB6219C71BF007006BB /* plus.png in Resources */,
				B7457FB8219C7347007006BB /* plus2.png in Resources */,
				B7457FAC219C4BCB007006BB /* LaunchScreen.storyboard in Resources */,
				B7457FA9219C4BCB007006BB /* Assets.xcassets in Resources */,
				B7457FA7219C4BC8007006BB /* Main.storyboard in Resources */,
			);
			runOnlyForDeploymentPostprocessing = 0;
		};
/* End PBXResourcesBuildPhase section */

/* Begin PBXSourcesBuildPhase section */
		B7457F9A219C4BC8007006BB /* Sources */ = {
			isa = PBXSourcesBuildPhase;
			buildActionMask = 2147483647;
			files = (
				B7457FA4219C4BC8007006BB /* ViewController.swift in Sources */,
				B7457FA2219C4BC8007006BB /* AppDelegate.swift in Sources */,
			);
			runOnlyForDeploymentPostprocessing = 0;
		};
/* End PBXSourcesBuildPhase section */

/* Begin PBXVariantGroup section */
		B7457FA5219C4BC8007006BB /* Main.storyboard */ = {
			isa = PBXVariantGroup;
			children = (
				B7457FA6219C4BC8007006BB /* Base */,
			);
			name = Main.storyboard;
			sourceTree = "<group>";
		};
		B7457FAA219C4BCB007006BB /* LaunchScreen.storyboard */ = {
			isa = PBXVariantGroup;
			children = (
				B7457FAB219C4BCB007006BB /* Base */,
			);
			name = LaunchScreen.storyboard;
			sourceTree = "<group>";
		};
/* End PBXVariantGroup section */

/* Begin XCBuildConfiguration section */
		B7457FAE219C4BCB007006BB /* Debug */ = {
			isa = XCBuildConfiguration;
			buildSettings = {
				ALWAYS_SEARCH_USER_PATHS = NO;
				CLANG_ANALYZER_NONNULL = YES;
				CLANG_ANALYZER_NUMBER_OBJECT_CONVERSION = YES_AGGRESSIVE;
				CLANG_CXX_LANGUAGE_STANDARD = "gnu++14";
				CLANG_CXX_LIBRARY = "libc++";
				CLANG_ENABLE_MODULES = YES;
				CLANG_ENABLE_OBJC_ARC = YES;
				CLANG_ENABLE_OBJC_WEAK = YES;
				CLANG_WARN_BLOCK_CAPTURE_AUTORELEASING = YES;
				CLANG_WARN_BOOL_CONVERSION = YES;
				CLANG_WARN_COMMA = YES;
				CLANG_WARN_CONSTANT_CONVERSION = YES;
				CLANG_WARN_DEPRECATED_OBJC_IMPLEMENTATIONS = YES;
				CLANG_WARN_DIRECT_OBJC_ISA_USAGE = YES_ERROR;
				CLANG_WARN_DOCUMENTATION_COMMENTS = YES;
				CLANG_WARN_EMPTY_BODY = YES;
				CLANG_WARN_ENUM_CONVERSION = YES;
				CLANG_WARN_INFINITE_RECURSION = YES;
				CLANG_WARN_INT_CONVERSION = YES;
				CLANG_WARN_NON_LITERAL_NULL_CONVERSION = YES;
				CLANG_WARN_OBJC_IMPLICIT_RETAIN_SELF = YES;
				CLANG_WARN_OBJC_LITERAL_CONVERSION = YES;
				CLANG_WARN_OBJC_ROOT_CLASS = YES_ERROR;
				CLANG_WARN_RANGE_LOOP_ANALYSIS = YES;
				CLANG_WARN_STRICT_PROTOTYPES = YES;
				CLANG_WARN_SUSPICIOUS_MOVE = YES;
				CLANG_WARN_UNGUARDED_AVAILABILITY = YES_AGGRESSIVE;
				CLANG_WARN_UNREACHABLE_CODE = YES;
				CLANG_WARN__DUPLICATE_METHOD_MATCH = YES;
				CODE_SIGN_IDENTITY = "iPhone Developer";
				COPY_PHASE_STRIP = NO;
				DEBUG_INFORMATION_FORMAT = dwarf;
				ENABLE_STRICT_OBJC_MSGSEND = YES;
				ENABLE_TESTABILITY = YES;
				GCC_C_LANGUAGE_STANDARD = gnu11;
				GCC_DYNAMIC_NO_PIC = NO;
				GCC_NO_COMMON_BLOCKS = YES;
				GCC_OPTIMIZATION_LEVEL = 0;
				GCC_PREPROCESSOR_DEFINITIONS = (
					"DEBUG=1",
					"$(inherited)",
				);
				GCC_WARN_64_TO_32_BIT_CONVERSION = YES;
				GCC_WARN_ABOUT_RETURN_TYPE = YES_ERROR;
				GCC_WARN_UNDECLARED_SELECTOR = YES;
				GCC_WARN_UNINITIALIZED_AUTOS = YES_AGGRESSIVE;
				GCC_WARN_UNUSED_FUNCTION = YES;
				GCC_WARN_UNUSED_VARIABLE = YES;
				IPHONEOS_DEPLOYMENT_TARGET = 12.1;
				MTL_ENABLE_DEBUG_INFO = INCLUDE_SOURCE;
				MTL_FAST_MATH = YES;
				ONLY_ACTIVE_ARCH = YES;
				SDKROOT = iphoneos;
				SWIFT_ACTIVE_COMPILATION_CONDITIONS = DEBUG;
				SWIFT_OPTIMIZATION_LEVEL = "-Onone";
			};
			name = Debug;
		};
		B7457FAF219C4BCB007006BB /* Release */ = {
			isa = XCBuildConfiguration;
			buildSettings = {
				ALWAYS_SEARCH_USER_PATHS = NO;
				CLANG_ANALYZER_NONNULL = YES;
				CLANG_ANALYZER_NUMBER_OBJECT_CONVERSION = YES_AGGRESSIVE;
				CLANG_CXX_LANGUAGE_STANDARD = "gnu++14";
				CLANG_CXX_LIBRARY = "libc++";
				CLANG_ENABLE_MODULES = YES;
				CLANG_ENABLE_OBJC_ARC = YES;
				CLANG_ENABLE_OBJC_WEAK = YES;
				CLANG_WARN_BLOCK_CAPTURE_AUTORELEASING = YES;
				CLANG_WARN_BOOL_CONVERSION = YES;
				CLANG_WARN_COMMA = YES;
				CLANG_WARN_CONSTANT_CONVERSION = YES;
				CLANG_WARN_DEPRECATED_OBJC_IMPLEMENTATIONS = YES;
				CLANG_WARN_DIRECT_OBJC_ISA_USAGE = YES_ERROR;
				CLANG_WARN_DOCUMENTATION_COMMENTS = YES;
				CLANG_WARN_EMPTY_BODY = YES;
				CLANG_WARN_ENUM_CONVERSION = YES;
				CLANG_WARN_INFINITE_RECURSION = YES;
				CLANG_WARN_INT_CONVERSION = YES;
				CLANG_WARN_NON_LITERAL_NULL_CONVERSION = YES;
				CLANG_WARN_OBJC_IMPLICIT_RETAIN_SELF = YES;
				CLANG_WARN_OBJC_LITERAL_CONVERSION = YES;
				CLANG_WARN_OBJC_ROOT_CLASS = YES_ERROR;
				CLANG_WARN_RANGE_LOOP_ANALYSIS = YES;
				CLANG_WARN_STRICT_PROTOTYPES = YES;
				CLANG_WARN_SUSPICIOUS_MOVE = YES;
				CLANG_WARN_UNGUARDED_AVAILABILITY = YES_AGGRESSIVE;
				CLANG_WARN_UNREACHABLE_CODE = YES;
				CLANG_WARN__DUPLICATE_METHOD_MATCH = YES;
				CODE_SIGN_IDENTITY = "iPhone Developer";
				COPY_PHASE_STRIP = NO;
				DEBUG_INFORMATION_FORMAT = "dwarf-with-dsym";
				ENABLE_NS_ASSERTIONS = NO;
				ENABLE_STRICT_OBJC_MSGSEND = YES;
				GCC_C_LANGUAGE_STANDARD = gnu11;
				GCC_NO_COMMON_BLOCKS = YES;
				GCC_WARN_64_TO_32_BIT_CONVERSION = YES;
				GCC_WARN_ABOUT_RETURN_TYPE = YES_ERROR;
				GCC_WARN_UNDECLARED_SELECTOR = YES;
				GCC_WARN_UNINITIALIZED_AUTOS = YES_AGGRESSIVE;
				GCC_WARN_UNUSED_FUNCTION = YES;
				GCC_WARN_UNUSED_VARIABLE = YES;
				IPHONEOS_DEPLOYMENT_TARGET = 12.1;
				MTL_ENABLE_DEBUG_INFO = NO;
				MTL_FAST_MATH = YES;
				SDKROOT = iphoneos;
				SWIFT_COMPILATION_MODE = wholemodule;
				SWIFT_OPTIMIZATION_LEVEL = "-O";
				VALIDATE_PRODUCT = YES;
			};
			name = Release;
		};
		B7457FB1219C4BCB007006BB /* Debug */ = {
			isa = XCBuildConfiguration;
			buildSettings = {
				ASSETCATALOG_COMPILER_APPICON_NAME = AppIcon;
				CODE_SIGN_STYLE = Automatic;
				DEVELOPMENT_TEAM = 3647679NTF;
				INFOPLIST_FILE = gestureSample/Info.plist;
				LD_RUNPATH_SEARCH_PATHS = (
					"$(inherited)",
					"@executable_path/Frameworks",
				);
				PRODUCT_BUNDLE_IDENTIFIER = togaminnnn.gestureSample;
				PRODUCT_NAME = "$(TARGET_NAME)";
				SWIFT_VERSION = 4.2;
				TARGETED_DEVICE_FAMILY = "1,2";
			};
			name = Debug;
		};
		B7457FB2219C4BCB007006BB /* Release */ = {
			isa = XCBuildConfiguration;
			buildSettings = {
				ASSETCATALOG_COMPILER_APPICON_NAME = AppIcon;
				CODE_SIGN_STYLE = Automatic;
				DEVELOPMENT_TEAM = 3647679NTF;
				INFOPLIST_FILE = gestureSample/Info.plist;
				LD_RUNPATH_SEARCH_PATHS = (
					"$(inherited)",
					"@executable_path/Frameworks",
				);
				PRODUCT_BUNDLE_IDENTIFIER = togaminnnn.gestureSample;
				PRODUCT_NAME = "$(TARGET_NAME)";
				SWIFT_VERSION = 4.2;
				TARGETED_DEVICE_FAMILY = "1,2";
			};
			name = Release;
		};
/* End XCBuildConfiguration section */

/* Begin XCConfigurationList section */
		B7457F99219C4BC8007006BB /* Build configuration list for PBXProject "gestureSample" */ = {
			isa = XCConfigurationList;
			buildConfigurations = (
				B7457FAE219C4BCB007006BB /* Debug */,
				B7457FAF219C4BCB007006BB /* Release */,
			);
			defaultConfigurationIsVisible = 0;
			defaultConfigurationName = Release;
		};
		B7457FB0219C4BCB007006BB /* Build configuration list for PBXNativeTarget "gestureSample" */ = {
			isa = XCConfigurationList;
			buildConfigurations = (
				B7457FB1219C4BCB007006BB /* Debug */,
				B7457FB2219C4BCB007006BB /* Release */,
			);
			defaultConfigurationIsVisible = 0;
			defaultConfigurationName = Release;
		};
/* End XCConfigurationList section */
	};
	rootObject = B7457F96219C4BC8007006BB /* Project object */;
}
